
Microsoft Visual Studio Solution File, Format Version 12.00
# Visual Studio 2013
VisualStudioVersion = 12.0.31101.0
MinimumVisualStudioVersion = 10.0.40219.1
Project("{FAE04EC0-301F-11D3-BF4B-00C04F79EFBC}") = "mcaoWindowsFormsApplicationForCSharp", "mcaoWindowsFormsApplicationForCSharp\mcaoWindowsFormsApplicationForCSharp.csproj", "{66848A51-67DD-429B-BBCB-CEFFBB572B04}"
EndProject
Project("{FAE04EC0-301F-11D3-BF4B-00C04F79EFBC}") = "Exp_Event", "HW_Event\Exp_Event.csproj", "{B9B68874-6133-43A8-869E-28B14DB37199}"
EndProject
Project("{FAE04EC0-301F-11D3-BF4B-00C04F79EFBC}") = "Exp_IO", "Exp_IO\Exp_IO.csproj", "{C691B70E-F9AC-4257-A4C0-074C6F828F43}"
EndProject
Project("{FAE04EC0-301F-11D3-BF4B-00C04F79EFBC}") = "Exp_FormShow", "Exp_FormShow\Exp_FormShow.csproj", "{88A3C898-3F70-46E8-9B7A-89FBA703D0CB}"
EndProject
Global
	GlobalSection(SolutionConfigurationPlatforms) = preSolution
		Debug|Any CPU = Debug|Any CPU
		Debug|Mixed Platforms = Debug|Mixed Platforms
		Debug|Win32 = Debug|Win32
		Release|Any CPU = Release|Any CPU
		Release|Mixed Platforms = Release|Mixed Platforms
		Release|Win32 = Release|Win32
	EndGlobalSection
	GlobalSection(ProjectConfigurationPlatforms) = postSolution
		{66848A51-67DD-429B-BBCB-CEFFBB572B04}.Debug|Any CPU.ActiveCfg = Debug|Any CPU
		{66848A51-67DD-429B-BBCB-CEFFBB572B04}.Debug|Any CPU.Build.0 = Debug|Any CPU
		{66848A51-67DD-429B-BBCB-CEFFBB572B04}.Debug|Mixed Platforms.ActiveCfg = Debug|Any CPU
		{66848A51-67DD-429B-BBCB-CEFFBB572B04}.Debug|Mixed Platforms.Build.0 = Debug|Any CPU
		{66848A51-67DD-429B-BBCB-CEFFBB572B04}.Debug|Win32.ActiveCfg = Debug|Any CPU
		{66848A51-67DD-429B-BBCB-CEFFBB572B04}.Release|Any CPU.ActiveCfg = Release|Any CPU
		{66848A51-67DD-429B-BBCB-CEFFBB572B04}.Release|Any CPU.Build.0 = Release|Any CPU
		{66848A51-67DD-429B-BBCB-CEFFBB572B04}.Release|Mixed Platforms.ActiveCfg = Release|Any CPU
		{66848A51-67DD-429B-BBCB-CEFFBB572B04}.Release|Mixed Platforms.Build.0 = Release|Any CPU
		{66848A51-67DD-429B-BBCB-CEFFBB572B04}.Release|Win32.ActiveCfg = Release|Any CPU
		{B9B68874-6133-43A8-869E-28B14DB37199}.Debug|Any CPU.ActiveCfg = Debug|Any CPU
		{B9B68874-6133-43A8-869E-28B14DB37199}.Debug|Any CPU.Build.0 = Debug|Any CPU
		{B9B68874-6133-43A8-869E-28B14DB37199}.Debug|Mixed Platforms.ActiveCfg = Debug|Any CPU
		{B9B68874-6133-43A8-869E-28B14DB37199}.Debug|Mixed Platforms.Build.0 = Debug|Any CPU
		{B9B68874-6133-43A8-869E-28B14DB37199}.Debug|Win32.ActiveCfg = Debug|Any CPU
		{B9B68874-6133-43A8-869E-28B14DB37199}.Release|Any CPU.ActiveCfg = Release|Any CPU
		{B9B68874-6133-43A8-869E-28B14DB37199}.Release|Any CPU.Build.0 = Release|Any CPU
		{B9B68874-6133-43A8-869E-28B14DB37199}.Release|Mixed Platforms.ActiveCfg = Release|Any CPU
		{B9B68874-6133-43A8-869E-28B14DB37199}.Release|Mixed Platforms.Build.0 = Release|Any CPU
		{B9B68874-6133-43A8-869E-28B14DB37199}.Release|Win32.ActiveCfg = Release|Any CPU
		{C691B70E-F9AC-4257-A4C0-074C6F828F43}.Debug|Any CPU.ActiveCfg = Debug|Any CPU
		{C691B70E-F9AC-4257-A4C0-074C6F828F43}.Debug|Any CPU.Build.0 = Debug|Any CPU
		{C691B70E-F9AC-4257-A4C0-074C6F828F43}.Debug|Mixed Platforms.ActiveCfg = Debug|Any CPU
		{C691B70E-F9AC-4257-A4C0-074C6F828F43}.Debug|Mixed Platforms.Build.0 = Debug|Any CPU
		{C691B70E-F9AC-4257-A4C0-074C6F828F43}.Debug|Win32.ActiveCfg = Debug|Any CPU
		{C691B70E-F9AC-4257-A4C0-074C6F828F43}.Release|Any CPU.ActiveCfg = Release|Any CPU
		{C691B70E-F9AC-4257-A4C0-074C6F828F43}.Release|Any CPU.Build.0 = Release|Any CPU
		{C691B70E-F9AC-4257-A4C0-074C6F828F43}.Release|Mixed Platforms.ActiveCfg = Release|Any CPU
		{C691B70E-F9AC-4257-A4C0-074C6F828F43}.Release|Mixed Platforms.Build.0 = Release|Any CPU
		{C691B70E-F9AC-4257-A4C0-074C6F828F43}.Release|Win32.ActiveCfg = Release|Any CPU
		{88A3C898-3F70-46E8-9B7A-89FBA703D0CB}.Debug|Any CPU.ActiveCfg = Debug|Any CPU
		{88A3C898-3F70-46E8-9B7A-89FBA703D0CB}.Debug|Any CPU.Build.0 = Debug|Any CPU
		{88A3C898-3F70-46E8-9B7A-89FBA703D0CB}.Debug|Mixed Platforms.ActiveCfg = Debug|Any CPU
		{88A3C898-3F70-46E8-9B7A-89FBA703D0CB}.Debug|Mixed Platforms.Build.0 = Debug|Any CPU
		{88A3C898-3F70-46E8-9B7A-89FBA703D0CB}.Debug|Win32.ActiveCfg = Debug|Any CPU
		{88A3C898-3F70-46E8-9B7A-89FBA703D0CB}.Release|Any CPU.ActiveCfg = Release|Any CPU
		{88A3C898-3F70-46E8-9B7A-89FBA703D0CB}.Release|Any CPU.Build.0 = Release|Any CPU
		{88A3C898-3F70-46E8-9B7A-89FBA703D0CB}.Release|Mixed Platforms.ActiveCfg = Release|Any CPU
		{88A3C898-3F70-46E8-9B7A-89FBA703D0CB}.Release|Mixed Platforms.Build.0 = Release|Any CPU
		{88A3C898-3F70-46E8-9B7A-89FBA703D0CB}.Release|Win32.ActiveCfg = Release|Any CPU
	EndGlobalSection
	GlobalSection(SolutionProperties) = preSolution
		HideSolutionNode = FALSE
	EndGlobalSection
EndGlobal
